
Microsoft Visual Studio Solution File, Format Version 12.00
# Visual Studio Version 16
VisualStudioVersion = 16.0.810.21
MinimumVisualStudioVersion = 10.0.40219.1
Project("{FAE04EC0-301F-11D3-BF4B-00C04F79EFBC}") = "FloppyBird.Android", "FloppyBird.Android\FloppyBird.Android.csproj", "{B3DF7034-988B-4232-AC40-8A76AD117B26}"
EndProject
Project("{FAE04EC0-301F-11D3-BF4B-00C04F79EFBC}") = "FloppyBird.iOS", "FloppyBird.iOS\FloppyBird.iOS.csproj", "{F5172D5F-9819-420B-AA01-50B65EC1DFF8}"
EndProject
Project("{FAE04EC0-301F-11D3-BF4B-00C04F79EFBC}") = "FloppyBird", "FloppyBird\FloppyBird.csproj", "{2D634C2F-BB0A-4029-914E-78CB175BC545}"
EndProject
Global
	GlobalSection(SolutionConfigurationPlatforms) = preSolution
		Debug|Any CPU = Debug|Any CPU
		Release|Any CPU = Release|Any CPU
		Debug|iPhoneSimulator = Debug|iPhoneSimulator
		Release|iPhoneSimulator = Release|iPhoneSimulator
		Debug|iPhone = Debug|iPhone
		Release|iPhone = Release|iPhone
	EndGlobalSection
	GlobalSection(ProjectConfigurationPlatforms) = postSolution
		{B3DF7034-988B-4232-AC40-8A76AD117B26}.Debug|Any CPU.ActiveCfg = Debug|Any CPU
		{B3DF7034-988B-4232-AC40-8A76AD117B26}.Debug|Any CPU.Build.0 = Debug|Any CPU
		{B3DF7034-988B-4232-AC40-8A76AD117B26}.Release|Any CPU.ActiveCfg = Release|Any CPU
		{B3DF7034-988B-4232-AC40-8A76AD117B26}.Release|Any CPU.Build.0 = Release|Any CPU
		{B3DF7034-988B-4232-AC40-8A76AD117B26}.Debug|iPhoneSimulator.ActiveCfg = Debug|Any CPU
		{B3DF7034-988B-4232-AC40-8A76AD117B26}.Debug|iPhoneSimulator.Build.0 = Debug|Any CPU
		{B3DF7034-988B-4232-AC40-8A76AD117B26}.Release|iPhoneSimulator.ActiveCfg = Release|Any CPU
		{B3DF7034-988B-4232-AC40-8A76AD117B26}.Release|iPhoneSimulator.Build.0 = Release|Any CPU
		{B3DF7034-988B-4232-AC40-8A76AD117B26}.Debug|iPhone.ActiveCfg = Debug|Any CPU
		{B3DF7034-988B-4232-AC40-8A76AD117B26}.Debug|iPhone.Build.0 = Debug|Any CPU
		{B3DF7034-988B-4232-AC40-8A76AD117B26}.Release|iPhone.ActiveCfg = Release|Any CPU
		{B3DF7034-988B-4232-AC40-8A76AD117B26}.Release|iPhone.Build.0 = Release|Any CPU
		{F5172D5F-9819-420B-AA01-50B65EC1DFF8}.Debug|Any CPU.ActiveCfg = Debug|iPhoneSimulator
		{F5172D5F-9819-420B-AA01-50B65EC1DFF8}.Debug|Any CPU.Build.0 = Debug|iPhoneSimulator
		{F5172D5F-9819-420B-AA01-50B65EC1DFF8}.Release|Any CPU.ActiveCfg = Release|iPhoneSimulator
		{F5172D5F-9819-420B-AA01-50B65EC1DFF8}.Release|Any CPU.Build.0 = Release|iPhoneSimulator
		{F5172D5F-9819-420B-AA01-50B65EC1DFF8}.Debug|iPhoneSimulator.ActiveCfg = Debug|iPhoneSimulator
		{F5172D5F-9819-420B-AA01-50B65EC1DFF8}.Debug|iPhoneSimulator.Build.0 = Debug|iPhoneSimulator
		{F5172D5F-9819-420B-AA01-50B65EC1DFF8}.Release|iPhoneSimulator.ActiveCfg = Release|iPhoneSimulator
		{F5172D5F-9819-420B-AA01-50B65EC1DFF8}.Release|iPhoneSimulator.Build.0 = Release|iPhoneSimulator
		{F5172D5F-9819-420B-AA01-50B65EC1DFF8}.Debug|iPhone.ActiveCfg = Debug|iPhone
		{F5172D5F-9819-420B-AA01-50B65EC1DFF8}.Debug|iPhone.Build.0 = Debug|iPhone
		{F5172D5F-9819-420B-AA01-50B65EC1DFF8}.Release|iPhone.ActiveCfg = Release|iPhone
		{F5172D5F-9819-420B-AA01-50B65EC1DFF8}.Release|iPhone.Build.0 = Release|iPhone
		{2D634C2F-BB0A-4029-914E-78CB175BC545}.Debug|Any CPU.ActiveCfg = Debug|Any CPU
		{2D634C2F-BB0A-4029-914E-78CB175BC545}.Debug|Any CPU.Build.0 = Debug|Any CPU
		{2D634C2F-BB0A-4029-914E-78CB175BC545}.Release|Any CPU.ActiveCfg = Release|Any CPU
		{2D634C2F-BB0A-4029-914E-78CB175BC545}.Release|Any CPU.Build.0 = Release|Any CPU
		{2D634C2F-BB0A-4029-914E-78CB175BC545}.Debug|iPhoneSimulator.ActiveCfg = Debug|Any CPU
		{2D634C2F-BB0A-4029-914E-78CB175BC545}.Debug|iPhoneSimulator.Build.0 = Debug|Any CPU
		{2D634C2F-BB0A-4029-914E-78CB175BC545}.Release|iPhoneSimulator.ActiveCfg = Release|Any CPU
		{2D634C2F-BB0A-4029-914E-78CB175BC545}.Release|iPhoneSimulator.Build.0 = Release|Any CPU
		{2D634C2F-BB0A-4029-914E-78CB175BC545}.Debug|iPhone.ActiveCfg = Debug|Any CPU
		{2D634C2F-BB0A-4029-914E-78CB175BC545}.Debug|iPhone.Build.0 = Debug|Any CPU
		{2D634C2F-BB0A-4029-914E-78CB175BC545}.Release|iPhone.ActiveCfg = Release|Any CPU
		{2D634C2F-BB0A-4029-914E-78CB175BC545}.Release|iPhone.Build.0 = Release|Any CPU
	EndGlobalSection
	GlobalSection(SolutionProperties) = preSolution
		HideSolutionNode = FALSE
	EndGlobalSection
	GlobalSection(ExtensibilityGlobals) = postSolution
		SolutionGuid = {F9014BA2-F289-47DE-ACA4-3EBE02B70E3C}
	EndGlobalSection
EndGlobal
